
Microsoft Visual Studio Solution File, Format Version 12.00
# Visual Studio Version 17
VisualStudioVersion = 17.8.34511.84
MinimumVisualStudioVersion = 10.0.40219.1
Project("{FAE04EC0-301F-11D3-BF4B-00C04F79EFBC}") = "ConsoleApp12", "ConsoleApp12\ConsoleApp12.csproj", "{4A3CF210-8B2F-40E2-AABA-5CD3BC2AF941}"
EndProject
Global
	GlobalSection(SolutionConfigurationPlatforms) = preSolution
		Debug|Any CPU = Debug|Any CPU
		Release|Any CPU = Release|Any CPU
	EndGlobalSection
	GlobalSection(ProjectConfigurationPlatforms) = postSolution
		{4A3CF210-8B2F-40E2-AABA-5CD3BC2AF941}.Debug|Any CPU.ActiveCfg = Debug|Any CPU
		{4A3CF210-8B2F-40E2-AABA-5CD3BC2AF941}.Debug|Any CPU.Build.0 = Debug|Any CPU
		{4A3CF210-8B2F-40E2-AABA-5CD3BC2AF941}.Release|Any CPU.ActiveCfg = Release|Any CPU
		{4A3CF210-8B2F-40E2-AABA-5CD3BC2AF941}.Release|Any CPU.Build.0 = Release|Any CPU
	EndGlobalSection
	GlobalSection(SolutionProperties) = preSolution
		HideSolutionNode = FALSE
	EndGlobalSection
	GlobalSection(ExtensibilityGlobals) = postSolution
		SolutionGuid = {12E98CB6-809C-4DB0-993A-52E92F19BE53}
	EndGlobalSection
EndGlobal
